
Microsoft Visual Studio Solution File, Format Version 12.00
# Visual Studio Version 16
VisualStudioVersion = 16.0.30907.101
MinimumVisualStudioVersion = 10.0.40219.1
Project("{9A19103F-16F7-4668-BE54-9A1E7A4F7556}") = "InsideNet.Services", "InsideNet\InsideNet.Services.csproj", "{9510338C-4851-47F5-8756-C1984E8E9CC6}"
	ProjectSection(ProjectDependencies) = postProject
		{126653E7-0D93-450B-A1C5-D7CD9EF0F6BC} = {126653E7-0D93-450B-A1C5-D7CD9EF0F6BC}
	EndProjectSection
EndProject
Project("{9A19103F-16F7-4668-BE54-9A1E7A4F7556}") = "Storage", "Storage\Storage.csproj", "{126653E7-0D93-450B-A1C5-D7CD9EF0F6BC}"
EndProject
Project("{9A19103F-16F7-4668-BE54-9A1E7A4F7556}") = "InsideNet.Web", "InsideNet.Web\InsideNet.Web.csproj", "{E4310A45-22F2-497B-AB21-DC60E3DF9DA8}"
	ProjectSection(ProjectDependencies) = postProject
		{9510338C-4851-47F5-8756-C1984E8E9CC6} = {9510338C-4851-47F5-8756-C1984E8E9CC6}
		{126653E7-0D93-450B-A1C5-D7CD9EF0F6BC} = {126653E7-0D93-450B-A1C5-D7CD9EF0F6BC}
	EndProjectSection
EndProject
Project("{9A19103F-16F7-4668-BE54-9A1E7A4F7556}") = "Tests", "Tests\Tests.csproj", "{DCC59887-6572-4B4E-B5A8-6A1EC3578FE4}"
EndProject
Global
	GlobalSection(SolutionConfigurationPlatforms) = preSolution
		Debug|Any CPU = Debug|Any CPU
		Release|Any CPU = Release|Any CPU
	EndGlobalSection
	GlobalSection(ProjectConfigurationPlatforms) = postSolution
		{9510338C-4851-47F5-8756-C1984E8E9CC6}.Debug|Any CPU.ActiveCfg = Debug|Any CPU
		{9510338C-4851-47F5-8756-C1984E8E9CC6}.Debug|Any CPU.Build.0 = Debug|Any CPU
		{9510338C-4851-47F5-8756-C1984E8E9CC6}.Release|Any CPU.ActiveCfg = Release|Any CPU
		{9510338C-4851-47F5-8756-C1984E8E9CC6}.Release|Any CPU.Build.0 = Release|Any CPU
		{126653E7-0D93-450B-A1C5-D7CD9EF0F6BC}.Debug|Any CPU.ActiveCfg = Debug|Any CPU
		{126653E7-0D93-450B-A1C5-D7CD9EF0F6BC}.Debug|Any CPU.Build.0 = Debug|Any CPU
		{126653E7-0D93-450B-A1C5-D7CD9EF0F6BC}.Release|Any CPU.ActiveCfg = Release|Any CPU
		{126653E7-0D93-450B-A1C5-D7CD9EF0F6BC}.Release|Any CPU.Build.0 = Release|Any CPU
		{E4310A45-22F2-497B-AB21-DC60E3DF9DA8}.Debug|Any CPU.ActiveCfg = Debug|Any CPU
		{E4310A45-22F2-497B-AB21-DC60E3DF9DA8}.Debug|Any CPU.Build.0 = Debug|Any CPU
		{E4310A45-22F2-497B-AB21-DC60E3DF9DA8}.Release|Any CPU.ActiveCfg = Release|Any CPU
		{E4310A45-22F2-497B-AB21-DC60E3DF9DA8}.Release|Any CPU.Build.0 = Release|Any CPU
		{DCC59887-6572-4B4E-B5A8-6A1EC3578FE4}.Debug|Any CPU.ActiveCfg = Debug|Any CPU
		{DCC59887-6572-4B4E-B5A8-6A1EC3578FE4}.Debug|Any CPU.Build.0 = Debug|Any CPU
		{DCC59887-6572-4B4E-B5A8-6A1EC3578FE4}.Release|Any CPU.ActiveCfg = Release|Any CPU
		{DCC59887-6572-4B4E-B5A8-6A1EC3578FE4}.Release|Any CPU.Build.0 = Release|Any CPU
	EndGlobalSection
	GlobalSection(SolutionProperties) = preSolution
		HideSolutionNode = FALSE
	EndGlobalSection
	GlobalSection(ExtensibilityGlobals) = postSolution
		SolutionGuid = {9C235AC9-EE0B-486E-8930-B94D27BB4E6C}
	EndGlobalSection
EndGlobal
